// !$*UTF8*$!
{
	archiveVersion = 1;
	classes = {
	};
	objectVersion = 46;
	objects = {

/* Begin PBXBuildFile section */
		1C14591018F65438008AEEF9 /* UIView+Snapshot.m in Sources */ = {isa = PBXBuildFile; fileRef = 1C14590F18F65438008AEEF9 /* UIView+Snapshot.m */; };
		1C17D2FA1908F81D00266228 /* WebViewController.m in Sources */ = {isa = PBXBuildFile; fileRef = 1C17D2F91908F81D00266228 /* WebViewController.m */; };
		1C18AE89192C433B0086C099 /* SVWebViewController.strings in Resources */ = {isa = PBXBuildFile; fileRef = 1C18AE6B192C433B0086C099 /* SVWebViewController.strings */; };
		1C18AE8A192C433B0086C099 /* SVModalWebViewController.m in Sources */ = {isa = PBXBuildFile; fileRef = 1C18AE74192C433B0086C099 /* SVModalWebViewController.m */; };
		1C18AE8B192C433B0086C099 /* SVWebViewController.bundle in Resources */ = {isa = PBXBuildFile; fileRef = 1C18AE75192C433B0086C099 /* SVWebViewController.bundle */; };
		1C18AE8C192C433B0086C099 /* SVWebViewController.m in Sources */ = {isa = PBXBuildFile; fileRef = 1C18AE77192C433B0086C099 /* SVWebViewController.m */; };
		1C18AE8D192C433B0086C099 /* SVWebViewControllerActivityChrome-iPad.png in Resources */ = {isa = PBXBuildFile; fileRef = 1C18AE7A192C433B0086C099 /* SVWebViewControllerActivityChrome-iPad.png */; };
		1C18AE8E192C433B0086C099 /* SVWebViewControllerActivityChrome-iPad@2x.png in Resources */ = {isa = PBXBuildFile; fileRef = 1C18AE7B192C433B0086C099 /* SVWebViewControllerActivityChrome-iPad@2x.png */; };
		1C18AE8F192C433B0086C099 /* SVWebViewControllerActivityChrome.m in Sources */ = {isa = PBXBuildFile; fileRef = 1C18AE7D192C433B0086C099 /* SVWebViewControllerActivityChrome.m */; };
		1C18AE90192C433B0086C099 /* SVWebViewControllerActivityChrome@2x.png in Resources */ = {isa = PBXBuildFile; fileRef = 1C18AE7E192C433B0086C099 /* SVWebViewControllerActivityChrome@2x.png */; };
		1C18AE91192C433B0086C099 /* SVWebViewControllerActivitySafari-iPad.png in Resources */ = {isa = PBXBuildFile; fileRef = 1C18AE80192C433B0086C099 /* SVWebViewControllerActivitySafari-iPad.png */; };
		1C18AE92192C433B0086C099 /* SVWebViewControllerActivitySafari-iPad@2x.png in Resources */ = {isa = PBXBuildFile; fileRef = 1C18AE81192C433B0086C099 /* SVWebViewControllerActivitySafari-iPad@2x.png */; };
		1C18AE93192C433B0086C099 /* SVWebViewControllerActivitySafari.m in Sources */ = {isa = PBXBuildFile; fileRef = 1C18AE83192C433B0086C099 /* SVWebViewControllerActivitySafari.m */; };
		1C18AE94192C433B0086C099 /* SVWebViewControllerActivitySafari@2x.png in Resources */ = {isa = PBXBuildFile; fileRef = 1C18AE84192C433B0086C099 /* SVWebViewControllerActivitySafari@2x.png */; };
		1C18AE95192C433B0086C099 /* SVWebViewControllerActivity.m in Sources */ = {isa = PBXBuildFile; fileRef = 1C18AE86192C433B0086C099 /* SVWebViewControllerActivity.m */; };
		1C19A58A18F5190C00CD997E /* Foundation.framework in Frameworks */ = {isa = PBXBuildFile; fileRef = 1C19A58918F5190C00CD997E /* Foundation.framework */; };
		1C19A58C18F5190C00CD997E /* CoreGraphics.framework in Frameworks */ = {isa = PBXBuildFile; fileRef = 1C19A58B18F5190C00CD997E /* CoreGraphics.framework */; };
		1C19A58E18F5190C00CD997E /* UIKit.framework in Frameworks */ = {isa = PBXBuildFile; fileRef = 1C19A58D18F5190C00CD997E /* UIKit.framework */; };
		1C19A59418F5190C00CD997E /* InfoPlist.strings in Resources */ = {isa = PBXBuildFile; fileRef = 1C19A59218F5190C00CD997E /* InfoPlist.strings */; };
		1C19A59618F5190C00CD997E /* main.m in Sources */ = {isa = PBXBuildFile; fileRef = 1C19A59518F5190C00CD997E /* main.m */; };
		1C19A59A18F5190C00CD997E /* AppDelegate.m in Sources */ = {isa = PBXBuildFile; fileRef = 1C19A59918F5190C00CD997E /* AppDelegate.m */; };
		1C19A59D18F5190C00CD997E /* Main.storyboard in Resources */ = {isa = PBXBuildFile; fileRef = 1C19A59B18F5190C00CD997E /* Main.storyboard */; };
		1C19A5A018F5190C00CD997E /* ViewController.m in Sources */ = {isa = PBXBuildFile; fileRef = 1C19A59F18F5190C00CD997E /* ViewController.m */; };
		1C19A5A218F5190C00CD997E /* Images.xcassets in Resources */ = {isa = PBXBuildFile; fileRef = 1C19A5A118F5190C00CD997E /* Images.xcassets */; };
		1C19A5A918F5190C00CD997E /* XCTest.framework in Frameworks */ = {isa = PBXBuildFile; fileRef = 1C19A5A818F5190C00CD997E /* XCTest.framework */; };
		1C19A5AA18F5190C00CD997E /* Foundation.framework in Frameworks */ = {isa = PBXBuildFile; fileRef = 1C19A58918F5190C00CD997E /* Foundation.framework */; };
		1C19A5AB18F5190D00CD997E /* UIKit.framework in Frameworks */ = {isa = PBXBuildFile; fileRef = 1C19A58D18F5190C00CD997E /* UIKit.framework */; };
		1C19A5B318F5190D00CD997E /* InfoPlist.strings in Resources */ = {isa = PBXBuildFile; fileRef = 1C19A5B118F5190D00CD997E /* InfoPlist.strings */; };
		1C19A5B518F5190D00CD997E /* CollectionTestTests.m in Sources */ = {isa = PBXBuildFile; fileRef = 1C19A5B418F5190D00CD997E /* CollectionTestTests.m */; };
		1C19A5C018F51A6C00CD997E /* ThumbnailViewController.m in Sources */ = {isa = PBXBuildFile; fileRef = 1C19A5BF18F51A6C00CD997E /* ThumbnailViewController.m */; };
		1C46270E192C9A6D0084418F /* NJKScrollFullScreen.m in Sources */ = {isa = PBXBuildFile; fileRef = 1C46270B192C9A6D0084418F /* NJKScrollFullScreen.m */; };
		1C46270F192C9A6D0084418F /* UIViewController+NJKFullScreenSupport.m in Sources */ = {isa = PBXBuildFile; fileRef = 1C46270D192C9A6D0084418F /* UIViewController+NJKFullScreenSupport.m */; };
		1C462715192CAE330084418F /* CMHTMLView.m in Sources */ = {isa = PBXBuildFile; fileRef = 1C462712192CAE330084418F /* CMHTMLView.m */; };
		1C462716192CAE330084418F /* NSString+HtmlProcessing.m in Sources */ = {isa = PBXBuildFile; fileRef = 1C462714192CAE330084418F /* NSString+HtmlProcessing.m */; };
		1C46271C192CBB510084418F /* UIImage+ImageEffects.m in Sources */ = {isa = PBXBuildFile; fileRef = 1C462719192CBB510084418F /* UIImage+ImageEffects.m */; };
		1C46271D192CBB510084418F /* UINavigationController+MHDismissModalView.m in Sources */ = {isa = PBXBuildFile; fileRef = 1C46271B192CBB510084418F /* UINavigationController+MHDismissModalView.m */; };
		89A6937F18F97BE000861E7D /* BaseAnimatedTransition.m in Sources */ = {isa = PBXBuildFile; fileRef = 89A6937D18F97BE000861E7D /* BaseAnimatedTransition.m */; };
		89A6938218F97C6F00861E7D /* BaseInteractiveTransition.m in Sources */ = {isa = PBXBuildFile; fileRef = 89A6938018F97C6F00861E7D /* BaseInteractiveTransition.m */; };
		89A6938518F97DA100861E7D /* ScaleAnimatedTransition.m in Sources */ = {isa = PBXBuildFile; fileRef = 89A6938418F97DA100861E7D /* ScaleAnimatedTransition.m */; };
		89A6938818F9805C00861E7D /* ScaleNavigationController.m in Sources */ = {isa = PBXBuildFile; fileRef = 89A6938618F9805C00861E7D /* ScaleNavigationController.m */; };
		89A6938B18F9841600861E7D /* DetailViewController.m in Sources */ = {isa = PBXBuildFile; fileRef = 89A6938A18F9841600861E7D /* DetailViewController.m */; };
		89C924D418FEC4560080F0EB /* SwipeInteractiveTransition.m in Sources */ = {isa = PBXBuildFile; fileRef = 89C924D218FEC4560080F0EB /* SwipeInteractiveTransition.m */; };
/* End PBXBuildFile section */

/* Begin PBXContainerItemProxy section */
		1C19A5AC18F5190D00CD997E /* PBXContainerItemProxy */ = {
			isa = PBXContainerItemProxy;
			containerPortal = 1C19A57E18F5190C00CD997E /* Project object */;
			proxyType = 1;
			remoteGlobalIDString = 1C19A58518F5190C00CD997E;
			remoteInfo = CollectionTest;
		};
/* End PBXContainerItemProxy section */

/* Begin PBXFileReference section */
		1C14590E18F65438008AEEF9 /* UIView+Snapshot.h */ = {isa = PBXFileReference; fileEncoding = 4; lastKnownFileType = sourcecode.c.h; path = "UIView+Snapshot.h"; sourceTree = "<group>"; };
		1C14590F18F65438008AEEF9 /* UIView+Snapshot.m */ = {isa = PBXFileReference; fileEncoding = 4; lastKnownFileType = sourcecode.c.objc; path = "UIView+Snapshot.m"; sourceTree = "<group>"; };
		1C15330518FBA0A300B75E6E /* Common.h */ = {isa = PBXFileReference; fileEncoding = 4; lastKnownFileType = sourcecode.c.h; path = Common.h; sourceTree = "<group>"; };
		1C17D2F81908F81D00266228 /* WebViewController.h */ = {isa = PBXFileReference; fileEncoding = 4; lastKnownFileType = sourcecode.c.h; path = WebViewController.h; sourceTree = "<group>"; };
		1C17D2F91908F81D00266228 /* WebViewController.m */ = {isa = PBXFileReference; fileEncoding = 4; lastKnownFileType = sourcecode.c.objc; path = WebViewController.m; sourceTree = "<group>"; };
		1C18AE6C192C433B0086C099 /* da */ = {isa = PBXFileReference; lastKnownFileType = text.plist.strings; name = da; path = da.lproj/SVWebViewController.strings; sourceTree = "<group>"; };
		1C18AE6D192C433B0086C099 /* de */ = {isa = PBXFileReference; lastKnownFileType = text.plist.strings; name = de; path = de.lproj/SVWebViewController.strings; sourceTree = "<group>"; };
		1C18AE6E192C433B0086C099 /* en */ = {isa = PBXFileReference; lastKnownFileType = text.plist.strings; name = en; path = en.lproj/SVWebViewController.strings; sourceTree = "<group>"; };
		1C18AE6F192C433B0086C099 /* es-ES */ = {isa = PBXFileReference; lastKnownFileType = text.plist.strings; name = "es-ES"; path = "es-ES.lproj/SVWebViewController.strings"; sourceTree = "<group>"; };
		1C18AE70192C433B0086C099 /* es */ = {isa = PBXFileReference; lastKnownFileType = text.plist.strings; name = es; path = es.lproj/SVWebViewController.strings; sourceTree = "<group>"; };
		1C18AE71192C433B0086C099 /* fr */ = {isa = PBXFileReference; lastKnownFileType = text.plist.strings; name = fr; path = fr.lproj/SVWebViewController.strings; sourceTree = "<group>"; };
		1C18AE72192C433B0086C099 /* ja */ = {isa = PBXFileReference; lastKnownFileType = text.plist.strings; name = ja; path = ja.lproj/SVWebViewController.strings; sourceTree = "<group>"; };
		1C18AE73192C433B0086C099 /* SVModalWebViewController.h */ = {isa = PBXFileReference; fileEncoding = 4; lastKnownFileType = sourcecode.c.h; path = SVModalWebViewController.h; sourceTree = "<group>"; };
		1C18AE74192C433B0086C099 /* SVModalWebViewController.m */ = {isa = PBXFileReference; fileEncoding = 4; lastKnownFileType = sourcecode.c.objc; path = SVModalWebViewController.m; sourceTree = "<group>"; };
		1C18AE75192C433B0086C099 /* SVWebViewController.bundle */ = {isa = PBXFileReference; lastKnownFileType = "wrapper.plug-in"; path = SVWebViewController.bundle; sourceTree = "<group>"; };
		1C18AE76192C433B0086C099 /* SVWebViewController.h */ = {isa = PBXFileReference; fileEncoding = 4; lastKnownFileType = sourcecode.c.h; path = SVWebViewController.h; sourceTree = "<group>"; };
		1C18AE77192C433B0086C099 /* SVWebViewController.m */ = {isa = PBXFileReference; fileEncoding = 4; lastKnownFileType = sourcecode.c.objc; path = SVWebViewController.m; sourceTree = "<group>"; };
		1C18AE7A192C433B0086C099 /* SVWebViewControllerActivityChrome-iPad.png */ = {isa = PBXFileReference; lastKnownFileType = image.png; path = "SVWebViewControllerActivityChrome-iPad.png"; sourceTree = "<group>"; };
		1C18AE7B192C433B0086C099 /* SVWebViewControllerActivityChrome-iPad@2x.png */ = {isa = PBXFileReference; lastKnownFileType = image.png; path = "SVWebViewControllerActivityChrome-iPad@2x.png"; sourceTree = "<group>"; };
		1C18AE7C192C433B0086C099 /* SVWebViewControllerActivityChrome.h */ = {isa = PBXFileReference; fileEncoding = 4; lastKnownFileType = sourcecode.c.h; path = SVWebViewControllerActivityChrome.h; sourceTree = "<group>"; };
		1C18AE7D192C433B0086C099 /* SVWebViewControllerActivityChrome.m */ = {isa = PBXFileReference; fileEncoding = 4; lastKnownFileType = sourcecode.c.objc; path = SVWebViewControllerActivityChrome.m; sourceTree = "<group>"; };
		1C18AE7E192C433B0086C099 /* SVWebViewControllerActivityChrome@2x.png */ = {isa = PBXFileReference; lastKnownFileType = image.png; path = "SVWebViewControllerActivityChrome@2x.png"; sourceTree = "<group>"; };
		1C18AE80192C433B0086C099 /* SVWebViewControllerActivitySafari-iPad.png */ = {isa = PBXFileReference; lastKnownFileType = image.png; path = "SVWebViewControllerActivitySafari-iPad.png"; sourceTree = "<group>"; };
		1C18AE81192C433B0086C099 /* SVWebViewControllerActivitySafari-iPad@2x.png */ = {isa = PBXFileReference; lastKnownFileType = image.png; path = "SVWebViewControllerActivitySafari-iPad@2x.png"; sourceTree = "<group>"; };
		1C18AE82192C433B0086C099 /* SVWebViewControllerActivitySafari.h */ = {isa = PBXFileReference; fileEncoding = 4; lastKnownFileType = sourcecode.c.h; path = SVWebViewControllerActivitySafari.h; sourceTree = "<group>"; };
		1C18AE83192C433B0086C099 /* SVWebViewControllerActivitySafari.m */ = {isa = PBXFileReference; fileEncoding = 4; lastKnownFileType = sourcecode.c.objc; path = SVWebViewControllerActivitySafari.m; sourceTree = "<group>"; };
		1C18AE84192C433B0086C099 /* SVWebViewControllerActivitySafari@2x.png */ = {isa = PBXFileReference; lastKnownFileType = image.png; path = "SVWebViewControllerActivitySafari@2x.png"; sourceTree = "<group>"; };
		1C18AE85192C433B0086C099 /* SVWebViewControllerActivity.h */ = {isa = PBXFileReference; fileEncoding = 4; lastKnownFileType = sourcecode.c.h; path = SVWebViewControllerActivity.h; sourceTree = "<group>"; };
		1C18AE86192C433B0086C099 /* SVWebViewControllerActivity.m */ = {isa = PBXFileReference; fileEncoding = 4; lastKnownFileType = sourcecode.c.objc; path = SVWebViewControllerActivity.m; sourceTree = "<group>"; };
		1C18AE87192C433B0086C099 /* zh-Hans */ = {isa = PBXFileReference; lastKnownFileType = text.plist.strings; name = "zh-Hans"; path = "zh-Hans.lproj/SVWebViewController.strings"; sourceTree = "<group>"; };
		1C18AE88192C433B0086C099 /* zh-Hant */ = {isa = PBXFileReference; lastKnownFileType = text.plist.strings; name = "zh-Hant"; path = "zh-Hant.lproj/SVWebViewController.strings"; sourceTree = "<group>"; };
		1C19A58618F5190C00CD997E /* CollectionTest.app */ = {isa = PBXFileReference; explicitFileType = wrapper.application; includeInIndex = 0; path = CollectionTest.app; sourceTree = BUILT_PRODUCTS_DIR; };
		1C19A58918F5190C00CD997E /* Foundation.framework */ = {isa = PBXFileReference; lastKnownFileType = wrapper.framework; name = Foundation.framework; path = System/Library/Frameworks/Foundation.framework; sourceTree = SDKROOT; };
		1C19A58B18F5190C00CD997E /* CoreGraphics.framework */ = {isa = PBXFileReference; lastKnownFileType = wrapper.framework; name = CoreGraphics.framework; path = System/Library/Frameworks/CoreGraphics.framework; sourceTree = SDKROOT; };
		1C19A58D18F5190C00CD997E /* UIKit.framework */ = {isa = PBXFileReference; lastKnownFileType = wrapper.framework; name = UIKit.framework; path = System/Library/Frameworks/UIKit.framework; sourceTree = SDKROOT; };
		1C19A59118F5190C00CD997E /* CollectionTest-Info.plist */ = {isa = PBXFileReference; lastKnownFileType = text.plist.xml; path = "CollectionTest-Info.plist"; sourceTree = "<group>"; };
		1C19A59318F5190C00CD997E /* en */ = {isa = PBXFileReference; lastKnownFileType = text.plist.strings; name = en; path = en.lproj/InfoPlist.strings; sourceTree = "<group>"; };
		1C19A59518F5190C00CD997E /* main.m */ = {isa = PBXFileReference; lastKnownFileType = sourcecode.c.objc; path = main.m; sourceTree = "<group>"; };
		1C19A59718F5190C00CD997E /* CollectionTest-Prefix.pch */ = {isa = PBXFileReference; lastKnownFileType = sourcecode.c.h; path = "CollectionTest-Prefix.pch"; sourceTree = "<group>"; };
		1C19A59818F5190C00CD997E /* AppDelegate.h */ = {isa = PBXFileReference; lastKnownFileType = sourcecode.c.h; path = AppDelegate.h; sourceTree = "<group>"; };
		1C19A59918F5190C00CD997E /* AppDelegate.m */ = {isa = PBXFileReference; lastKnownFileType = sourcecode.c.objc; path = AppDelegate.m; sourceTree = "<group>"; };
		1C19A59C18F5190C00CD997E /* Base */ = {isa = PBXFileReference; lastKnownFileType = file.storyboard; name = Base; path = Base.lproj/Main.storyboard; sourceTree = "<group>"; };
		1C19A59E18F5190C00CD997E /* ViewController.h */ = {isa = PBXFileReference; lastKnownFileType = sourcecode.c.h; path = ViewController.h; sourceTree = "<group>"; };
		1C19A59F18F5190C00CD997E /* ViewController.m */ = {isa = PBXFileReference; lastKnownFileType = sourcecode.c.objc; path = ViewController.m; sourceTree = "<group>"; };
		1C19A5A118F5190C00CD997E /* Images.xcassets */ = {isa = PBXFileReference; lastKnownFileType = folder.assetcatalog; path = Images.xcassets; sourceTree = "<group>"; };
		1C19A5A718F5190C00CD997E /* CollectionTestTests.xctest */ = {isa = PBXFileReference; explicitFileType = wrapper.cfbundle; includeInIndex = 0; path = CollectionTestTests.xctest; sourceTree = BUILT_PRODUCTS_DIR; };
		1C19A5A818F5190C00CD997E /* XCTest.framework */ = {isa = PBXFileReference; lastKnownFileType = wrapper.framework; name = XCTest.framework; path = Library/Frameworks/XCTest.framework; sourceTree = DEVELOPER_DIR; };
		1C19A5B018F5190D00CD997E /* CollectionTestTests-Info.plist */ = {isa = PBXFileReference; lastKnownFileType = text.plist.xml; path = "CollectionTestTests-Info.plist"; sourceTree = "<group>"; };
		1C19A5B218F5190D00CD997E /* en */ = {isa = PBXFileReference; lastKnownFileType = text.plist.strings; name = en; path = en.lproj/InfoPlist.strings; sourceTree = "<group>"; };
		1C19A5B418F5190D00CD997E /* CollectionTestTests.m */ = {isa = PBXFileReference; lastKnownFileType = sourcecode.c.objc; path = CollectionTestTests.m; sourceTree = "<group>"; };
		1C19A5BE18F51A6C00CD997E /* ThumbnailViewController.h */ = {isa = PBXFileReference; fileEncoding = 4; lastKnownFileType = sourcecode.c.h; path = ThumbnailViewController.h; sourceTree = "<group>"; };
		1C19A5BF18F51A6C00CD997E /* ThumbnailViewController.m */ = {isa = PBXFileReference; fileEncoding = 4; lastKnownFileType = sourcecode.c.objc; path = ThumbnailViewController.m; sourceTree = "<group>"; };
		1C46270A192C9A6D0084418F /* NJKScrollFullScreen.h */ = {isa = PBXFileReference; fileEncoding = 4; lastKnownFileType = sourcecode.c.h; path = NJKScrollFullScreen.h; sourceTree = "<group>"; };
		1C46270B192C9A6D0084418F /* NJKScrollFullScreen.m */ = {isa = PBXFileReference; fileEncoding = 4; lastKnownFileType = sourcecode.c.objc; path = NJKScrollFullScreen.m; sourceTree = "<group>"; };
		1C46270C192C9A6D0084418F /* UIViewController+NJKFullScreenSupport.h */ = {isa = PBXFileReference; fileEncoding = 4; lastKnownFileType = sourcecode.c.h; path = "UIViewController+NJKFullScreenSupport.h"; sourceTree = "<group>"; };
		1C46270D192C9A6D0084418F /* UIViewController+NJKFullScreenSupport.m */ = {isa = PBXFileReference; fileEncoding = 4; lastKnownFileType = sourcecode.c.objc; path = "UIViewController+NJKFullScreenSupport.m"; sourceTree = "<group>"; };
		1C462711192CAE330084418F /* CMHTMLView.h */ = {isa = PBXFileReference; fileEncoding = 4; lastKnownFileType = sourcecode.c.h; path = CMHTMLView.h; sourceTree = "<group>"; };
		1C462712192CAE330084418F /* CMHTMLView.m */ = {isa = PBXFileReference; fileEncoding = 4; lastKnownFileType = sourcecode.c.objc; path = CMHTMLView.m; sourceTree = "<group>"; };
		1C462713192CAE330084418F /* NSString+HtmlProcessing.h */ = {isa = PBXFileReference; fileEncoding = 4; lastKnownFileType = sourcecode.c.h; path = "NSString+HtmlProcessing.h"; sourceTree = "<group>"; };
		1C462714192CAE330084418F /* NSString+HtmlProcessing.m */ = {isa = PBXFileReference; fileEncoding = 4; lastKnownFileType = sourcecode.c.objc; path = "NSString+HtmlProcessing.m"; sourceTree = "<group>"; };
		1C462718192CBB510084418F /* UIImage+ImageEffects.h */ = {isa = PBXFileReference; fileEncoding = 4; lastKnownFileType = sourcecode.c.h; path = "UIImage+ImageEffects.h"; sourceTree = "<group>"; };
		1C462719192CBB510084418F /* UIImage+ImageEffects.m */ = {isa = PBXFileReference; fileEncoding = 4; lastKnownFileType = sourcecode.c.objc; path = "UIImage+ImageEffects.m"; sourceTree = "<group>"; };
		1C46271A192CBB510084418F /* UINavigationController+MHDismissModalView.h */ = {isa = PBXFileReference; fileEncoding = 4; lastKnownFileType = sourcecode.c.h; path = "UINavigationController+MHDismissModalView.h"; sourceTree = "<group>"; };
		1C46271B192CBB510084418F /* UINavigationController+MHDismissModalView.m */ = {isa = PBXFileReference; fileEncoding = 4; lastKnownFileType = sourcecode.c.objc; path = "UINavigationController+MHDismissModalView.m"; sourceTree = "<group>"; };
		89A6937D18F97BE000861E7D /* BaseAnimatedTransition.m */ = {isa = PBXFileReference; fileEncoding = 4; lastKnownFileType = sourcecode.c.objc; path = BaseAnimatedTransition.m; sourceTree = "<group>"; };
		89A6937E18F97BE000861E7D /* BaseAnimatedTransition.h */ = {isa = PBXFileReference; fileEncoding = 4; lastKnownFileType = sourcecode.c.h; path = BaseAnimatedTransition.h; sourceTree = "<group>"; };
		89A6938018F97C6F00861E7D /* BaseInteractiveTransition.m */ = {isa = PBXFileReference; fileEncoding = 4; lastKnownFileType = sourcecode.c.objc; path = BaseInteractiveTransition.m; sourceTree = "<group>"; };
		89A6938118F97C6F00861E7D /* BaseInteractiveTransition.h */ = {isa = PBXFileReference; fileEncoding = 4; lastKnownFileType = sourcecode.c.h; path = BaseInteractiveTransition.h; sourceTree = "<group>"; };
		89A6938318F97DA100861E7D /* ScaleAnimatedTransition.h */ = {isa = PBXFileReference; fileEncoding = 4; lastKnownFileType = sourcecode.c.h; path = ScaleAnimatedTransition.h; sourceTree = "<group>"; };
		89A6938418F97DA100861E7D /* ScaleAnimatedTransition.m */ = {isa = PBXFileReference; fileEncoding = 4; lastKnownFileType = sourcecode.c.objc; path = ScaleAnimatedTransition.m; sourceTree = "<group>"; };
		89A6938618F9805C00861E7D /* ScaleNavigationController.m */ = {isa = PBXFileReference; fileEncoding = 4; lastKnownFileType = sourcecode.c.objc; path = ScaleNavigationController.m; sourceTree = "<group>"; };
		89A6938718F9805C00861E7D /* ScaleNavigationController.h */ = {isa = PBXFileReference; fileEncoding = 4; lastKnownFileType = sourcecode.c.h; path = ScaleNavigationController.h; sourceTree = "<group>"; };
		89A6938918F9841600861E7D /* DetailViewController.h */ = {isa = PBXFileReference; fileEncoding = 4; lastKnownFileType = sourcecode.c.h; path = DetailViewController.h; sourceTree = "<group>"; };
		89A6938A18F9841600861E7D /* DetailViewController.m */ = {isa = PBXFileReference; fileEncoding = 4; lastKnownFileType = sourcecode.c.objc; path = DetailViewController.m; sourceTree = "<group>"; };
		89C924D218FEC4560080F0EB /* SwipeInteractiveTransition.m */ = {isa = PBXFileReference; fileEncoding = 4; lastKnownFileType = sourcecode.c.objc; path = SwipeInteractiveTransition.m; sourceTree = "<group>"; };
		89C924D318FEC4560080F0EB /* SwipeInteractiveTransition.h */ = {isa = PBXFileReference; fileEncoding = 4; lastKnownFileType = sourcecode.c.h; path = SwipeInteractiveTransition.h; sourceTree = "<group>"; };
/* End PBXFileReference section */

/* Begin PBXFrameworksBuildPhase section */
		1C19A58318F5190C00CD997E /* Frameworks */ = {
			isa = PBXFrameworksBuildPhase;
			buildActionMask = 2147483647;
			files = (
				1C19A58C18F5190C00CD997E /* CoreGraphics.framework in Frameworks */,
				1C19A58E18F5190C00CD997E /* UIKit.framework in Frameworks */,
				1C19A58A18F5190C00CD997E /* Foundation.framework in Frameworks */,
			);
			runOnlyForDeploymentPostprocessing = 0;
		};
		1C19A5A418F5190C00CD997E /* Frameworks */ = {
			isa = PBXFrameworksBuildPhase;
			buildActionMask = 2147483647;
			files = (
				1C19A5A918F5190C00CD997E /* XCTest.framework in Frameworks */,
				1C19A5AB18F5190D00CD997E /* UIKit.framework in Frameworks */,
				1C19A5AA18F5190C00CD997E /* Foundation.framework in Frameworks */,
			);
			runOnlyForDeploymentPostprocessing = 0;
		};
/* End PBXFrameworksBuildPhase section */

/* Begin PBXGroup section */
		1C18AE6A192C433B0086C099 /* SVWebViewController */ = {
			isa = PBXGroup;
			children = (
				1C18AE6B192C433B0086C099 /* SVWebViewController.strings */,
				1C18AE73192C433B0086C099 /* SVModalWebViewController.h */,
				1C18AE74192C433B0086C099 /* SVModalWebViewController.m */,
				1C18AE75192C433B0086C099 /* SVWebViewController.bundle */,
				1C18AE76192C433B0086C099 /* SVWebViewController.h */,
				1C18AE77192C433B0086C099 /* SVWebViewController.m */,
				1C18AE78192C433B0086C099 /* UIActivities */,
			);
			path = SVWebViewController;
			sourceTree = "<group>";
		};
		1C18AE78192C433B0086C099 /* UIActivities */ = {
			isa = PBXGroup;
			children = (
				1C18AE79192C433B0086C099 /* Chrome */,
				1C18AE7F192C433B0086C099 /* Safari */,
				1C18AE85192C433B0086C099 /* SVWebViewControllerActivity.h */,
				1C18AE86192C433B0086C099 /* SVWebViewControllerActivity.m */,
			);
			path = UIActivities;
			sourceTree = "<group>";
		};
		1C18AE79192C433B0086C099 /* Chrome */ = {
			isa = PBXGroup;
			children = (
				1C18AE7A192C433B0086C099 /* SVWebViewControllerActivityChrome-iPad.png */,
				1C18AE7B192C433B0086C099 /* SVWebViewControllerActivityChrome-iPad@2x.png */,
				1C18AE7C192C433B0086C099 /* SVWebViewControllerActivityChrome.h */,
				1C18AE7D192C433B0086C099 /* SVWebViewControllerActivityChrome.m */,
				1C18AE7E192C433B0086C099 /* SVWebViewControllerActivityChrome@2x.png */,
			);
			path = Chrome;
			sourceTree = "<group>";
		};
		1C18AE7F192C433B0086C099 /* Safari */ = {
			isa = PBXGroup;
			children = (
				1C18AE80192C433B0086C099 /* SVWebViewControllerActivitySafari-iPad.png */,
				1C18AE81192C433B0086C099 /* SVWebViewControllerActivitySafari-iPad@2x.png */,
				1C18AE82192C433B0086C099 /* SVWebViewControllerActivitySafari.h */,
				1C18AE83192C433B0086C099 /* SVWebViewControllerActivitySafari.m */,
				1C18AE84192C433B0086C099 /* SVWebViewControllerActivitySafari@2x.png */,
			);
			path = Safari;
			sourceTree = "<group>";
		};
		1C19A57D18F5190C00CD997E = {
			isa = PBXGroup;
			children = (
				1C19A58F18F5190C00CD997E /* CollectionTest */,
				1C19A5AE18F5190D00CD997E /* CollectionTestTests */,
				1C19A58818F5190C00CD997E /* Frameworks */,
				1C19A58718F5190C00CD997E /* Products */,
			);
			sourceTree = "<group>";
		};
		1C19A58718F5190C00CD997E /* Products */ = {
			isa = PBXGroup;
			children = (
				1C19A58618F5190C00CD997E /* CollectionTest.app */,
				1C19A5A718F5190C00CD997E /* CollectionTestTests.xctest */,
			);
			name = Products;
			sourceTree = "<group>";
		};
		1C19A58818F5190C00CD997E /* Frameworks */ = {
			isa = PBXGroup;
			children = (
				1C19A58918F5190C00CD997E /* Foundation.framework */,
				1C19A58B18F5190C00CD997E /* CoreGraphics.framework */,
				1C19A58D18F5190C00CD997E /* UIKit.framework */,
				1C19A5A818F5190C00CD997E /* XCTest.framework */,
			);
			name = Frameworks;
			sourceTree = "<group>";
		};
		1C19A58F18F5190C00CD997E /* CollectionTest */ = {
			isa = PBXGroup;
			children = (
				1C462717192CBB510084418F /* MHDismiss */,
				1C462710192CAE330084418F /* CMHTMLView */,
				1C462709192C9A6D0084418F /* NJKScrollFullScreen */,
				1C18AE6A192C433B0086C099 /* SVWebViewController */,
				1C15330518FBA0A300B75E6E /* Common.h */,
				1C19A59818F5190C00CD997E /* AppDelegate.h */,
				1C19A59918F5190C00CD997E /* AppDelegate.m */,
				1C19A59B18F5190C00CD997E /* Main.storyboard */,
				1C19A59E18F5190C00CD997E /* ViewController.h */,
				1C19A59F18F5190C00CD997E /* ViewController.m */,
				1C19A5A118F5190C00CD997E /* Images.xcassets */,
				1C19A59018F5190C00CD997E /* Supporting Files */,
				1C14590E18F65438008AEEF9 /* UIView+Snapshot.h */,
				1C14590F18F65438008AEEF9 /* UIView+Snapshot.m */,
				89A6937E18F97BE000861E7D /* BaseAnimatedTransition.h */,
				89A6937D18F97BE000861E7D /* BaseAnimatedTransition.m */,
				89A6938318F97DA100861E7D /* ScaleAnimatedTransition.h */,
				89A6938418F97DA100861E7D /* ScaleAnimatedTransition.m */,
				89A6938118F97C6F00861E7D /* BaseInteractiveTransition.h */,
				89A6938018F97C6F00861E7D /* BaseInteractiveTransition.m */,
				89C924D318FEC4560080F0EB /* SwipeInteractiveTransition.h */,
				89C924D218FEC4560080F0EB /* SwipeInteractiveTransition.m */,
				89A6938718F9805C00861E7D /* ScaleNavigationController.h */,
				89A6938618F9805C00861E7D /* ScaleNavigationController.m */,
				1C19A5BE18F51A6C00CD997E /* ThumbnailViewController.h */,
				1C19A5BF18F51A6C00CD997E /* ThumbnailViewController.m */,
				89A6938918F9841600861E7D /* DetailViewController.h */,
				89A6938A18F9841600861E7D /* DetailViewController.m */,
				1C17D2F81908F81D00266228 /* WebViewController.h */,
				1C17D2F91908F81D00266228 /* WebViewController.m */,
			);
			path = CollectionTest;
			sourceTree = "<group>";
		};
		1C19A59018F5190C00CD997E /* Supporting Files */ = {
			isa = PBXGroup;
			children = (
				1C19A59118F5190C00CD997E /* CollectionTest-Info.plist */,
				1C19A59218F5190C00CD997E /* InfoPlist.strings */,
				1C19A59518F5190C00CD997E /* main.m */,
				1C19A59718F5190C00CD997E /* CollectionTest-Prefix.pch */,
			);
			name = "Supporting Files";
			sourceTree = "<group>";
		};
		1C19A5AE18F5190D00CD997E /* CollectionTestTests */ = {
			isa = PBXGroup;
			children = (
				1C19A5B418F5190D00CD997E /* CollectionTestTests.m */,
				1C19A5AF18F5190D00CD997E /* Supporting Files */,
			);
			path = CollectionTestTests;
			sourceTree = "<group>";
		};
		1C19A5AF18F5190D00CD997E /* Supporting Files */ = {
			isa = PBXGroup;
			children = (
				1C19A5B018F5190D00CD997E /* CollectionTestTests-Info.plist */,
				1C19A5B118F5190D00CD997E /* InfoPlist.strings */,
			);
			name = "Supporting Files";
			sourceTree = "<group>";
		};
		1C462709192C9A6D0084418F /* NJKScrollFullScreen */ = {
			isa = PBXGroup;
			children = (
				1C46270A192C9A6D0084418F /* NJKScrollFullScreen.h */,
				1C46270B192C9A6D0084418F /* NJKScrollFullScreen.m */,
				1C46270C192C9A6D0084418F /* UIViewController+NJKFullScreenSupport.h */,
				1C46270D192C9A6D0084418F /* UIViewController+NJKFullScreenSupport.m */,
			);
			path = NJKScrollFullScreen;
			sourceTree = "<group>";
		};
		1C462710192CAE330084418F /* CMHTMLView */ = {
			isa = PBXGroup;
			children = (
				1C462711192CAE330084418F /* CMHTMLView.h */,
				1C462712192CAE330084418F /* CMHTMLView.m */,
				1C462713192CAE330084418F /* NSString+HtmlProcessing.h */,
				1C462714192CAE330084418F /* NSString+HtmlProcessing.m */,
			);
			path = CMHTMLView;
			sourceTree = "<group>";
		};
		1C462717192CBB510084418F /* MHDismiss */ = {
			isa = PBXGroup;
			children = (
				1C462718192CBB510084418F /* UIImage+ImageEffects.h */,
				1C462719192CBB510084418F /* UIImage+ImageEffects.m */,
				1C46271A192CBB510084418F /* UINavigationController+MHDismissModalView.h */,
				1C46271B192CBB510084418F /* UINavigationController+MHDismissModalView.m */,
			);
			path = MHDismiss;
			sourceTree = "<group>";
		};
/* End PBXGroup section */

/* Begin PBXNativeTarget section */
		1C19A58518F5190C00CD997E /* CollectionTest */ = {
			isa = PBXNativeTarget;
			buildConfigurationList = 1C19A5B818F5190D00CD997E /* Build configuration list for PBXNativeTarget "CollectionTest" */;
			buildPhases = (
				1C19A58218F5190C00CD997E /* Sources */,
				1C19A58318F5190C00CD997E /* Frameworks */,
				1C19A58418F5190C00CD997E /* Resources */,
			);
			buildRules = (
			);
			dependencies = (
			);
			name = CollectionTest;
			productName = CollectionTest;
			productReference = 1C19A58618F5190C00CD997E /* CollectionTest.app */;
			productType = "com.apple.product-type.application";
		};
		1C19A5A618F5190C00CD997E /* CollectionTestTests */ = {
			isa = PBXNativeTarget;
			buildConfigurationList = 1C19A5BB18F5190D00CD997E /* Build configuration list for PBXNativeTarget "CollectionTestTests" */;
			buildPhases = (
				1C19A5A318F5190C00CD997E /* Sources */,
				1C19A5A418F5190C00CD997E /* Frameworks */,
				1C19A5A518F5190C00CD997E /* Resources */,
			);
			buildRules = (
			);
			dependencies = (
				1C19A5AD18F5190D00CD997E /* PBXTargetDependency */,
			);
			name = CollectionTestTests;
			productName = CollectionTestTests;
			productReference = 1C19A5A718F5190C00CD997E /* CollectionTestTests.xctest */;
			productType = "com.apple.product-type.bundle.unit-test";
		};
/* End PBXNativeTarget section */

/* Begin PBXProject section */
		1C19A57E18F5190C00CD997E /* Project object */ = {
			isa = PBXProject;
			attributes = {
				LastUpgradeCheck = 0510;
				ORGANIZATIONNAME = "Yuan Haisheng";
				TargetAttributes = {
					1C19A5A618F5190C00CD997E = {
						TestTargetID = 1C19A58518F5190C00CD997E;
					};
				};
			};
			buildConfigurationList = 1C19A58118F5190C00CD997E /* Build configuration list for PBXProject "CollectionTest" */;
			compatibilityVersion = "Xcode 3.2";
			developmentRegion = English;
			hasScannedForEncodings = 0;
			knownRegions = (
				en,
				Base,
				da,
				de,
				"es-ES",
				es,
				fr,
				ja,
				"zh-Hans",
				"zh-Hant",
			);
			mainGroup = 1C19A57D18F5190C00CD997E;
			productRefGroup = 1C19A58718F5190C00CD997E /* Products */;
			projectDirPath = "";
			projectRoot = "";
			targets = (
				1C19A58518F5190C00CD997E /* CollectionTest */,
				1C19A5A618F5190C00CD997E /* CollectionTestTests */,
			);
		};
/* End PBXProject section */

/* Begin PBXResourcesBuildPhase section */
		1C19A58418F5190C00CD997E /* Resources */ = {
			isa = PBXResourcesBuildPhase;
			buildActionMask = 2147483647;
			files = (
				1C19A5A218F5190C00CD997E /* Images.xcassets in Resources */,
				1C18AE89192C433B0086C099 /* SVWebViewController.strings in Resources */,
				1C19A59418F5190C00CD997E /* InfoPlist.strings in Resources */,
				1C18AE8D192C433B0086C099 /* SVWebViewControllerActivityChrome-iPad.png in Resources */,
				1C18AE92192C433B0086C099 /* SVWebViewControllerActivitySafari-iPad@2x.png in Resources */,
				1C18AE94192C433B0086C099 /* SVWebViewControllerActivitySafari@2x.png in Resources */,
				1C18AE8E192C433B0086C099 /* SVWebViewControllerActivityChrome-iPad@2x.png in Resources */,
				1C18AE8B192C433B0086C099 /* SVWebViewController.bundle in Resources */,
				1C18AE90192C433B0086C099 /* SVWebViewControllerActivityChrome@2x.png in Resources */,
				1C19A59D18F5190C00CD997E /* Main.storyboard in Resources */,
				1C18AE91192C433B0086C099 /* SVWebViewControllerActivitySafari-iPad.png in Resources */,
			);
			runOnlyForDeploymentPostprocessing = 0;
		};
		1C19A5A518F5190C00CD997E /* Resources */ = {
			isa = PBXResourcesBuildPhase;
			buildActionMask = 2147483647;
			files = (
				1C19A5B318F5190D00CD997E /* InfoPlist.strings in Resources */,
			);
			runOnlyForDeploymentPostprocessing = 0;
		};
/* End PBXResourcesBuildPhase section */

/* Begin PBXSourcesBuildPhase section */
		1C19A58218F5190C00CD997E /* Sources */ = {
			isa = PBXSourcesBuildPhase;
			buildActionMask = 2147483647;
			files = (
				89A6938218F97C6F00861E7D /* BaseInteractiveTransition.m in Sources */,
				1C19A5A018F5190C00CD997E /* ViewController.m in Sources */,
				89A6938518F97DA100861E7D /* ScaleAnimatedTransition.m in Sources */,
				89A6938818F9805C00861E7D /* ScaleNavigationController.m in Sources */,
				1C46271C192CBB510084418F /* UIImage+ImageEffects.m in Sources */,
				1C19A59A18F5190C00CD997E /* AppDelegate.m in Sources */,
				1C18AE8F192C433B0086C099 /* SVWebViewControllerActivityChrome.m in Sources */,
				1C18AE8A192C433B0086C099 /* SVModalWebViewController.m in Sources */,
				1C18AE8C192C433B0086C099 /* SVWebViewController.m in Sources */,
				89A6938B18F9841600861E7D /* DetailViewController.m in Sources */,
				1C46270E192C9A6D0084418F /* NJKScrollFullScreen.m in Sources */,
				1C14591018F65438008AEEF9 /* UIView+Snapshot.m in Sources */,
				1C46271D192CBB510084418F /* UINavigationController+MHDismissModalView.m in Sources */,
				1C46270F192C9A6D0084418F /* UIViewController+NJKFullScreenSupport.m in Sources */,
				1C17D2FA1908F81D00266228 /* WebViewController.m in Sources */,
				1C19A59618F5190C00CD997E /* main.m in Sources */,
				1C19A5C018F51A6C00CD997E /* ThumbnailViewController.m in Sources */,
				1C462716192CAE330084418F /* NSString+HtmlProcessing.m in Sources */,
				1C462715192CAE330084418F /* CMHTMLView.m in Sources */,
				1C18AE95192C433B0086C099 /* SVWebViewControllerActivity.m in Sources */,
				89A6937F18F97BE000861E7D /* BaseAnimatedTransition.m in Sources */,
				89C924D418FEC4560080F0EB /* SwipeInteractiveTransition.m in Sources */,
				1C18AE93192C433B0086C099 /* SVWebViewControllerActivitySafari.m in Sources */,
			);
			runOnlyForDeploymentPostprocessing = 0;
		};
		1C19A5A318F5190C00CD997E /* Sources */ = {
			isa = PBXSourcesBuildPhase;
			buildActionMask = 2147483647;
			files = (
				1C19A5B518F5190D00CD997E /* CollectionTestTests.m in Sources */,
			);
			runOnlyForDeploymentPostprocessing = 0;
		};
/* End PBXSourcesBuildPhase section */

/* Begin PBXTargetDependency section */
		1C19A5AD18F5190D00CD997E /* PBXTargetDependency */ = {
			isa = PBXTargetDependency;
			target = 1C19A58518F5190C00CD997E /* CollectionTest */;
			targetProxy = 1C19A5AC18F5190D00CD997E /* PBXContainerItemProxy */;
		};
/* End PBXTargetDependency section */

/* Begin PBXVariantGroup section */
		1C18AE6B192C433B0086C099 /* SVWebViewController.strings */ = {
			isa = PBXVariantGroup;
			children = (
				1C18AE6C192C433B0086C099 /* da */,
				1C18AE6D192C433B0086C099 /* de */,
				1C18AE6E192C433B0086C099 /* en */,
				1C18AE6F192C433B0086C099 /* es-ES */,
				1C18AE70192C433B0086C099 /* es */,
				1C18AE71192C433B0086C099 /* fr */,
				1C18AE72192C433B0086C099 /* ja */,
				1C18AE87192C433B0086C099 /* zh-Hans */,
				1C18AE88192C433B0086C099 /* zh-Hant */,
			);
			name = SVWebViewController.strings;
			sourceTree = "<group>";
		};
		1C19A59218F5190C00CD997E /* InfoPlist.strings */ = {
			isa = PBXVariantGroup;
			children = (
				1C19A59318F5190C00CD997E /* en */,
			);
			name = InfoPlist.strings;
			sourceTree = "<group>";
		};
		1C19A59B18F5190C00CD997E /* Main.storyboard */ = {
			isa = PBXVariantGroup;
			children = (
				1C19A59C18F5190C00CD997E /* Base */,
			);
			name = Main.storyboard;
			sourceTree = "<group>";
		};
		1C19A5B118F5190D00CD997E /* InfoPlist.strings */ = {
			isa = PBXVariantGroup;
			children = (
				1C19A5B218F5190D00CD997E /* en */,
			);
			name = InfoPlist.strings;
			sourceTree = "<group>";
		};
/* End PBXVariantGroup section */

/* Begin XCBuildConfiguration section */
		1C19A5B618F5190D00CD997E /* Debug */ = {
			isa = XCBuildConfiguration;
			buildSettings = {
				ALWAYS_SEARCH_USER_PATHS = NO;
				CLANG_CXX_LANGUAGE_STANDARD = "gnu++0x";
				CLANG_CXX_LIBRARY = "libc++";
				CLANG_ENABLE_MODULES = YES;
				CLANG_ENABLE_OBJC_ARC = YES;
				CLANG_WARN_BOOL_CONVERSION = YES;
				CLANG_WARN_CONSTANT_CONVERSION = YES;
				CLANG_WARN_DIRECT_OBJC_ISA_USAGE = YES_ERROR;
				CLANG_WARN_EMPTY_BODY = YES;
				CLANG_WARN_ENUM_CONVERSION = YES;
				CLANG_WARN_INT_CONVERSION = YES;
				CLANG_WARN_OBJC_ROOT_CLASS = YES_ERROR;
				CLANG_WARN__DUPLICATE_METHOD_MATCH = YES;
				"CODE_SIGN_IDENTITY[sdk=iphoneos*]" = "iPhone Developer";
				COPY_PHASE_STRIP = NO;
				GCC_C_LANGUAGE_STANDARD = gnu99;
				GCC_DYNAMIC_NO_PIC = NO;
				GCC_OPTIMIZATION_LEVEL = 0;
				GCC_PREPROCESSOR_DEFINITIONS = (
					"DEBUG=1",
					"$(inherited)",
				);
				GCC_SYMBOLS_PRIVATE_EXTERN = NO;
				GCC_WARN_64_TO_32_BIT_CONVERSION = YES;
				GCC_WARN_ABOUT_RETURN_TYPE = YES_ERROR;
				GCC_WARN_UNDECLARED_SELECTOR = YES;
				GCC_WARN_UNINITIALIZED_AUTOS = YES_AGGRESSIVE;
				GCC_WARN_UNUSED_FUNCTION = YES;
				GCC_WARN_UNUSED_VARIABLE = YES;
				IPHONEOS_DEPLOYMENT_TARGET = 7.1;
				ONLY_ACTIVE_ARCH = YES;
				SDKROOT = iphoneos;
			};
			name = Debug;
		};
		1C19A5B718F5190D00CD997E /* Release */ = {
			isa = XCBuildConfiguration;
			buildSettings = {
				ALWAYS_SEARCH_USER_PATHS = NO;
				CLANG_CXX_LANGUAGE_STANDARD = "gnu++0x";
				CLANG_CXX_LIBRARY = "libc++";
				CLANG_ENABLE_MODULES = YES;
				CLANG_ENABLE_OBJC_ARC = YES;
				CLANG_WARN_BOOL_CONVERSION = YES;
				CLANG_WARN_CONSTANT_CONVERSION = YES;
				CLANG_WARN_DIRECT_OBJC_ISA_USAGE = YES_ERROR;
				CLANG_WARN_EMPTY_BODY = YES;
				CLANG_WARN_ENUM_CONVERSION = YES;
				CLANG_WARN_INT_CONVERSION = YES;
				CLANG_WARN_OBJC_ROOT_CLASS = YES_ERROR;
				CLANG_WARN__DUPLICATE_METHOD_MATCH = YES;
				"CODE_SIGN_IDENTITY[sdk=iphoneos*]" = "iPhone Developer";
				COPY_PHASE_STRIP = YES;
				ENABLE_NS_ASSERTIONS = NO;
				GCC_C_LANGUAGE_STANDARD = gnu99;
				GCC_WARN_64_TO_32_BIT_CONVERSION = YES;
				GCC_WARN_ABOUT_RETURN_TYPE = YES_ERROR;
				GCC_WARN_UNDECLARED_SELECTOR = YES;
				GCC_WARN_UNINITIALIZED_AUTOS = YES_AGGRESSIVE;
				GCC_WARN_UNUSED_FUNCTION = YES;
				GCC_WARN_UNUSED_VARIABLE = YES;
				IPHONEOS_DEPLOYMENT_TARGET = 7.1;
				SDKROOT = iphoneos;
				VALIDATE_PRODUCT = YES;
			};
			name = Release;
		};
		1C19A5B918F5190D00CD997E /* Debug */ = {
			isa = XCBuildConfiguration;
			buildSettings = {
				ASSETCATALOG_COMPILER_APPICON_NAME = AppIcon;
				ASSETCATALOG_COMPILER_LAUNCHIMAGE_NAME = LaunchImage;
				GCC_PRECOMPILE_PREFIX_HEADER = YES;
				GCC_PREFIX_HEADER = "CollectionTest/CollectionTest-Prefix.pch";
				INFOPLIST_FILE = "CollectionTest/CollectionTest-Info.plist";
				IPHONEOS_DEPLOYMENT_TARGET = 7.0;
				PRODUCT_NAME = "$(TARGET_NAME)";
				WRAPPER_EXTENSION = app;
			};
			name = Debug;
		};
		1C19A5BA18F5190D00CD997E /* Release */ = {
			isa = XCBuildConfiguration;
			buildSettings = {
				ASSETCATALOG_COMPILER_APPICON_NAME = AppIcon;
				ASSETCATALOG_COMPILER_LAUNCHIMAGE_NAME = LaunchImage;
				GCC_PRECOMPILE_PREFIX_HEADER = YES;
				GCC_PREFIX_HEADER = "CollectionTest/CollectionTest-Prefix.pch";
				INFOPLIST_FILE = "CollectionTest/CollectionTest-Info.plist";
				IPHONEOS_DEPLOYMENT_TARGET = 7.0;
				PRODUCT_NAME = "$(TARGET_NAME)";
				WRAPPER_EXTENSION = app;
			};
			name = Release;
		};
		1C19A5BC18F5190D00CD997E /* Debug */ = {
			isa = XCBuildConfiguration;
			buildSettings = {
				BUNDLE_LOADER = "$(BUILT_PRODUCTS_DIR)/CollectionTest.app/CollectionTest";
				FRAMEWORK_SEARCH_PATHS = (
					"$(SDKROOT)/Developer/Library/Frameworks",
					"$(inherited)",
					"$(DEVELOPER_FRAMEWORKS_DIR)",
				);
				GCC_PRECOMPILE_PREFIX_HEADER = YES;
				GCC_PREFIX_HEADER = "CollectionTest/CollectionTest-Prefix.pch";
				GCC_PREPROCESSOR_DEFINITIONS = (
					"DEBUG=1",
					"$(inherited)",
				);
				INFOPLIST_FILE = "CollectionTestTests/CollectionTestTests-Info.plist";
				PRODUCT_NAME = "$(TARGET_NAME)";
				TEST_HOST = "$(BUNDLE_LOADER)";
				WRAPPER_EXTENSION = xctest;
			};
			name = Debug;
		};
		1C19A5BD18F5190D00CD997E /* Release */ = {
			isa = XCBuildConfiguration;
			buildSettings = {
				BUNDLE_LOADER = "$(BUILT_PRODUCTS_DIR)/CollectionTest.app/CollectionTest";
				FRAMEWORK_SEARCH_PATHS = (
					"$(SDKROOT)/Developer/Library/Frameworks",
					"$(inherited)",
					"$(DEVELOPER_FRAMEWORKS_DIR)",
				);
				GCC_PRECOMPILE_PREFIX_HEADER = YES;
				GCC_PREFIX_HEADER = "CollectionTest/CollectionTest-Prefix.pch";
				INFOPLIST_FILE = "CollectionTestTests/CollectionTestTests-Info.plist";
				PRODUCT_NAME = "$(TARGET_NAME)";
				TEST_HOST = "$(BUNDLE_LOADER)";
				WRAPPER_EXTENSION = xctest;
			};
			name = Release;
		};
/* End XCBuildConfiguration section */

/* Begin XCConfigurationList section */
		1C19A58118F5190C00CD997E /* Build configuration list for PBXProject "CollectionTest" */ = {
			isa = XCConfigurationList;
			buildConfigurations = (
				1C19A5B618F5190D00CD997E /* Debug */,
				1C19A5B718F5190D00CD997E /* Release */,
			);
			defaultConfigurationIsVisible = 0;
			defaultConfigurationName = Release;
		};
		1C19A5B818F5190D00CD997E /* Build configuration list for PBXNativeTarget "CollectionTest" */ = {
			isa = XCConfigurationList;
			buildConfigurations = (
				1C19A5B918F5190D00CD997E /* Debug */,
				1C19A5BA18F5190D00CD997E /* Release */,
			);
			defaultConfigurationIsVisible = 0;
			defaultConfigurationName = Release;
		};
		1C19A5BB18F5190D00CD997E /* Build configuration list for PBXNativeTarget "CollectionTestTests" */ = {
			isa = XCConfigurationList;
			buildConfigurations = (
				1C19A5BC18F5190D00CD997E /* Debug */,
				1C19A5BD18F5190D00CD997E /* Release */,
			);
			defaultConfigurationIsVisible = 0;
			defaultConfigurationName = Release;
		};
/* End XCConfigurationList section */
	};
	rootObject = 1C19A57E18F5190C00CD997E /* Project object */;
}
